// !$*UTF8*$!
{
	archiveVersion = 1;
	classes = {
	};
	objectVersion = 48;
	objects = {

/* Begin PBXBuildFile section */
		531B654F1FF6B92D00DB9334 /* AppDelegate.swift in Sources */ = {isa = PBXBuildFile; fileRef = 531B654E1FF6B92D00DB9334 /* AppDelegate.swift */; };
		531B65511FF6B92D00DB9334 /* ViewController.swift in Sources */ = {isa = PBXBuildFile; fileRef = 531B65501FF6B92D00DB9334 /* ViewController.swift */; };
		531B65541FF6B92D00DB9334 /* Main.storyboard in Resources */ = {isa = PBXBuildFile; fileRef = 531B65521FF6B92D00DB9334 /* Main.storyboard */; };
		531B65571FF6B92D00DB9334 /* MirazoMVP.xcdatamodeld in Sources */ = {isa = PBXBuildFile; fileRef = 531B65551FF6B92D00DB9334 /* MirazoMVP.xcdatamodeld */; };
		531B65591FF6B92D00DB9334 /* Assets.xcassets in Resources */ = {isa = PBXBuildFile; fileRef = 531B65581FF6B92D00DB9334 /* Assets.xcassets */; };
		531B655C1FF6B92D00DB9334 /* LaunchScreen.storyboard in Resources */ = {isa = PBXBuildFile; fileRef = 531B655A1FF6B92D00DB9334 /* LaunchScreen.storyboard */; };
/* End PBXBuildFile section */

/* Begin PBXFileReference section */
		531B654B1FF6B92D00DB9334 /* MirazoMVP.app */ = {isa = PBXFileReference; explicitFileType = wrapper.application; includeInIndex = 0; path = MirazoMVP.app; sourceTree = BUILT_PRODUCTS_DIR; };
		531B654E1FF6B92D00DB9334 /* AppDelegate.swift */ = {isa = PBXFileReference; lastKnownFileType = sourcecode.swift; path = AppDelegate.swift; sourceTree = "<group>"; };
		531B65501FF6B92D00DB9334 /* ViewController.swift */ = {isa = PBXFileReference; lastKnownFileType = sourcecode.swift; path = ViewController.swift; sourceTree = "<group>"; };
		531B65531FF6B92D00DB9334 /* Base */ = {isa = PBXFileReference; lastKnownFileType = file.storyboard; name = Base; path = Base.lproj/Main.storyboard; sourceTree = "<group>"; };
		531B65561FF6B92D00DB9334 /* MirazoMVP.xcdatamodel */ = {isa = PBXFileReference; lastKnownFileType = wrapper.xcdatamodel; path = MirazoMVP.xcdatamodel; sourceTree = "<group>"; };
		531B65581FF6B92D00DB9334 /* Assets.xcassets */ = {isa = PBXFileReference; lastKnownFileType = folder.assetcatalog; path = Assets.xcassets; sourceTree = "<group>"; };
		531B655B1FF6B92D00DB9334 /* Base */ = {isa = PBXFileReference; lastKnownFileType = file.storyboard; name = Base; path = Base.lproj/LaunchScreen.storyboard; sourceTree = "<group>"; };
		531B655D1FF6B92D00DB9334 /* Info.plist */ = {isa = PBXFileReference; lastKnownFileType = text.plist.xml; path = Info.plist; sourceTree = "<group>"; };
/* End PBXFileReference section */

/* Begin PBXFrameworksBuildPhase section */
		531B65481FF6B92D00DB9334 /* Frameworks */ = {
			isa = PBXFrameworksBuildPhase;
			buildActionMask = 2147483647;
			files = (
			);
			runOnlyForDeploymentPostprocessing = 0;
		};
/* End PBXFrameworksBuildPhase section */

/* Begin PBXGroup section */
		531B65421FF6B92D00DB9334 = {
			isa = PBXGroup;
			children = (
				531B654D1FF6B92D00DB9334 /* MirazoMVP */,
				531B654C1FF6B92D00DB9334 /* Products */,
			);
			sourceTree = "<group>";
		};
		531B654C1FF6B92D00DB9334 /* Products */ = {
			isa = PBXGroup;
			children = (
				531B654B1FF6B92D00DB9334 /* MirazoMVP.app */,
			);
			name = Products;
			sourceTree = "<group>";
		};
		531B654D1FF6B92D00DB9334 /* MirazoMVP */ = {
			isa = PBXGroup;
			children = (
				531B654E1FF6B92D00DB9334 /* AppDelegate.swift */,
				531B65501FF6B92D00DB9334 /* ViewController.swift */,
				531B65521FF6B92D00DB9334 /* Main.storyboard */,
				531B65581FF6B92D00DB9334 /* Assets.xcassets */,
				531B655A1FF6B92D00DB9334 /* LaunchScreen.storyboard */,
				531B655D1FF6B92D00DB9334 /* Info.plist */,
				531B65551FF6B92D00DB9334 /* MirazoMVP.xcdatamodeld */,
			);
			path = MirazoMVP;
			sourceTree = "<group>";
		};
/* End PBXGroup section */

/* Begin PBXNativeTarget section */
		531B654A1FF6B92D00DB9334 /* MirazoMVP */ = {
			isa = PBXNativeTarget;
			buildConfigurationList = 531B65601FF6B92D00DB9334 /* Build configuration list for PBXNativeTarget "MirazoMVP" */;
			buildPhases = (
				531B65471FF6B92D00DB9334 /* Sources */,
				531B65481FF6B92D00DB9334 /* Frameworks */,
				531B65491FF6B92D00DB9334 /* Resources */,
			);
			buildRules = (
			);
			dependencies = (
			);
			name = MirazoMVP;
			productName = MirazoMVP;
			productReference = 531B654B1FF6B92D00DB9334 /* MirazoMVP.app */;
			productType = "com.apple.product-type.application";
		};
/* End PBXNativeTarget section */

/* Begin PBXProject section */
		531B65431FF6B92D00DB9334 /* Project object */ = {
			isa = PBXProject;
			attributes = {
				LastSwiftUpdateCheck = 0920;
				LastUpgradeCheck = 0920;
				ORGANIZATIONNAME = "Mischa Nee";
				TargetAttributes = {
					531B654A1FF6B92D00DB9334 = {
						CreatedOnToolsVersion = 9.2;
						ProvisioningStyle = Automatic;
					};
				};
			};
			buildConfigurationList = 531B65461FF6B92D00DB9334 /* Build configuration list for PBXProject "MirazoMVP" */;
			compatibilityVersion = "Xcode 8.0";
			developmentRegion = en;
			hasScannedForEncodings = 0;
			knownRegions = (
				en,
				Base,
			);
			mainGroup = 531B65421FF6B92D00DB9334;
			productRefGroup = 531B654C1FF6B92D00DB9334 /* Products */;
			projectDirPath = "";
			projectRoot = "";
			targets = (
				531B654A1FF6B92D00DB9334 /* MirazoMVP */,
			);
		};
/* End PBXProject section */

/* Begin PBXResourcesBuildPhase section */
		531B65491FF6B92D00DB9334 /* Resources */ = {
			isa = PBXResourcesBuildPhase;
			buildActionMask = 2147483647;
			files = (
				531B655C1FF6B92D00DB9334 /* LaunchScreen.storyboard in Resources */,
				531B65591FF6B92D00DB9334 /* Assets.xcassets in Resources */,
				531B65541FF6B92D00DB9334 /* Main.storyboard in Resources */,
			);
			runOnlyForDeploymentPostprocessing = 0;
		};
/* End PBXResourcesBuildPhase section */

/* Begin PBXSourcesBuildPhase section */
		531B65471FF6B92D00DB9334 /* Sources */ = {
			isa = PBXSourcesBuildPhase;
			buildActionMask = 2147483647;
			files = (
				531B65511FF6B92D00DB9334 /* ViewController.swift in Sources */,
				531B65571FF6B92D00DB9334 /* MirazoMVP.xcdatamodeld in Sources */,
				531B654F1FF6B92D00DB9334 /* AppDelegate.swift in Sources */,
			);
			runOnlyForDeploymentPostprocessing = 0;
		};
/* End PBXSourcesBuildPhase section */

/* Begin PBXVariantGroup section */
		531B65521FF6B92D00DB9334 /* Main.storyboard */ = {
			isa = PBXVariantGroup;
			children = (
				531B65531FF6B92D00DB9334 /* Base */,
			);
			name = Main.storyboard;
			sourceTree = "<group>";
		};
		531B655A1FF6B92D00DB9334 /* LaunchScreen.storyboard */ = {
			isa = PBXVariantGroup;
			children = (
				531B655B1FF6B92D00DB9334 /* Base */,
			);
			name = LaunchScreen.storyboard;
			sourceTree = "<group>";
		};
/* End PBXVariantGroup section */

/* Begin XCBuildConfiguration section */
		531B655E1FF6B92D00DB9334 /* Debug */ = {
			isa = XCBuildConfiguration;
			buildSettings = {
				ALWAYS_SEARCH_USER_PATHS = NO;
				CLANG_ANALYZER_NONNULL = YES;
				CLANG_ANALYZER_NUMBER_OBJECT_CONVERSION = YES_AGGRESSIVE;
				CLANG_CXX_LANGUAGE_STANDARD = "gnu++14";
				CLANG_CXX_LIBRARY = "libc++";
				CLANG_ENABLE_MODULES = YES;
				CLANG_ENABLE_OBJC_ARC = YES;
				CLANG_WARN_BLOCK_CAPTURE_AUTORELEASING = YES;
				CLANG_WARN_BOOL_CONVERSION = YES;
				CLANG_WARN_COMMA = YES;
				CLANG_WARN_CONSTANT_CONVERSION = YES;
				CLANG_WARN_DIRECT_OBJC_ISA_USAGE = YES_ERROR;
				CLANG_WARN_DOCUMENTATION_COMMENTS = YES;
				CLANG_WARN_EMPTY_BODY = YES;
				CLANG_WARN_ENUM_CONVERSION = YES;
				CLANG_WARN_INFINITE_RECURSION = YES;
				CLANG_WARN_INT_CONVERSION = YES;
				CLANG_WARN_NON_LITERAL_NULL_CONVERSION = YES;
				CLANG_WARN_OBJC_LITERAL_CONVERSION = YES;
				CLANG_WARN_OBJC_ROOT_CLASS = YES_ERROR;
				CLANG_WARN_RANGE_LOOP_ANALYSIS = YES;
				CLANG_WARN_STRICT_PROTOTYPES = YES;
				CLANG_WARN_SUSPICIOUS_MOVE = YES;
				CLANG_WARN_UNGUARDED_AVAILABILITY = YES_AGGRESSIVE;
				CLANG_WARN_UNREACHABLE_CODE = YES;
				CLANG_WARN__DUPLICATE_METHOD_MATCH = YES;
				CODE_SIGN_IDENTITY = "iPhone Developer";
				COPY_PHASE_STRIP = NO;
				DEBUG_INFORMATION_FORMAT = dwarf;
				ENABLE_STRICT_OBJC_MSGSEND = YES;
				ENABLE_TESTABILITY = YES;
				GCC_C_LANGUAGE_STANDARD = gnu11;
				GCC_DYNAMIC_NO_PIC = NO;
				GCC_NO_COMMON_BLOCKS = YES;
				GCC_OPTIMIZATION_LEVEL = 0;
				GCC_PREPROCESSOR_DEFINITIONS = (
					"DEBUG=1",
					"$(inherited)",
				);
				GCC_WARN_64_TO_32_BIT_CONVERSION = YES;
				GCC_WARN_ABOUT_RETURN_TYPE = YES_ERROR;
				GCC_WARN_UNDECLARED_SELECTOR = YES;
				GCC_WARN_UNINITIALIZED_AUTOS = YES_AGGRESSIVE;
				GCC_WARN_UNUSED_FUNCTION = YES;
				GCC_WARN_UNUSED_VARIABLE = YES;
				IPHONEOS_DEPLOYMENT_TARGET = 11.2;
				MTL_ENABLE_DEBUG_INFO = YES;
				ONLY_ACTIVE_ARCH = YES;
				SDKROOT = iphoneos;
				SWIFT_ACTIVE_COMPILATION_CONDITIONS = DEBUG;
				SWIFT_OPTIMIZATION_LEVEL = "-Onone";
			};
			name = Debug;
		};
		531B655F1FF6B92D00DB9334 /* Release */ = {
			isa = XCBuildConfiguration;
			buildSettings = {
				ALWAYS_SEARCH_USER_PATHS = NO;
				CLANG_ANALYZER_NONNULL = YES;
				CLANG_ANALYZER_NUMBER_OBJECT_CONVERSION = YES_AGGRESSIVE;
				CLANG_CXX_LANGUAGE_STANDARD = "gnu++14";
				CLANG_CXX_LIBRARY = "libc++";
				CLANG_ENABLE_MODULES = YES;
				CLANG_ENABLE_OBJC_ARC = YES;
				CLANG_WARN_BLOCK_CAPTURE_AUTORELEASING = YES;
				CLANG_WARN_BOOL_CONVERSION = YES;
				CLANG_WARN_COMMA = YES;
				CLANG_WARN_CONSTANT_CONVERSION = YES;
				CLANG_WARN_DIRECT_OBJC_ISA_USAGE = YES_ERROR;
				CLANG_WARN_DOCUMENTATION_COMMENTS = YES;
				CLANG_WARN_EMPTY_BODY = YES;
				CLANG_WARN_ENUM_CONVERSION = YES;
				CLANG_WARN_INFINITE_RECURSION = YES;
				CLANG_WARN_INT_CONVERSION = YES;
				CLANG_WARN_NON_LITERAL_NULL_CONVERSION = YES;
				CLANG_WARN_OBJC_LITERAL_CONVERSION = YES;
				CLANG_WARN_OBJC_ROOT_CLASS = YES_ERROR;
				CLANG_WARN_RANGE_LOOP_ANALYSIS = YES;
				CLANG_WARN_STRICT_PROTOTYPES = YES;
				CLANG_WARN_SUSPICIOUS_MOVE = YES;
				CLANG_WARN_UNGUARDED_AVAILABILITY = YES_AGGRESSIVE;
				CLANG_WARN_UNREACHABLE_CODE = YES;
				CLANG_WARN__DUPLICATE_METHOD_MATCH = YES;
				CODE_SIGN_IDENTITY = "iPhone Developer";
				COPY_PHASE_STRIP = NO;
				DEBUG_INFORMATION_FORMAT = "dwarf-with-dsym";
				ENABLE_NS_ASSERTIONS = NO;
				ENABLE_STRICT_OBJC_MSGSEND = YES;
				GCC_C_LANGUAGE_STANDARD = gnu11;
				GCC_NO_COMMON_BLOCKS = YES;
				GCC_WARN_64_TO_32_BIT_CONVERSION = YES;
				GCC_WARN_ABOUT_RETURN_TYPE = YES_ERROR;
				GCC_WARN_UNDECLARED_SELECTOR = YES;
				GCC_WARN_UNINITIALIZED_AUTOS = YES_AGGRESSIVE;
				GCC_WARN_UNUSED_FUNCTION = YES;
				GCC_WARN_UNUSED_VARIABLE = YES;
				IPHONEOS_DEPLOYMENT_TARGET = 11.2;
				MTL_ENABLE_DEBUG_INFO = NO;
				SDKROOT = iphoneos;
				SWIFT_OPTIMIZATION_LEVEL = "-Owholemodule";
				VALIDATE_PRODUCT = YES;
			};
			name = Release;
		};
		531B65611FF6B92D00DB9334 /* Debug */ = {
			isa = XCBuildConfiguration;
			buildSettings = {
				ASSETCATALOG_COMPILER_APPICON_NAME = AppIcon;
				CODE_SIGN_STYLE = Automatic;
				DEVELOPMENT_TEAM = 347QFT7L7Z;
				INFOPLIST_FILE = MirazoMVP/Info.plist;
				LD_RUNPATH_SEARCH_PATHS = "$(inherited) @executable_path/Frameworks";
				PRODUCT_BUNDLE_IDENTIFIER = "alisha-mischa.MirazoMVP";
				PRODUCT_NAME = "$(TARGET_NAME)";
				SWIFT_VERSION = 4.0;
				TARGETED_DEVICE_FAMILY = "1,2";
			};
			name = Debug;
		};
		531B65621FF6B92D00DB9334 /* Release */ = {
			isa = XCBuildConfiguration;
			buildSettings = {
				ASSETCATALOG_COMPILER_APPICON_NAME = AppIcon;
				CODE_SIGN_STYLE = Automatic;
				DEVELOPMENT_TEAM = 347QFT7L7Z;
				INFOPLIST_FILE = MirazoMVP/Info.plist;
				LD_RUNPATH_SEARCH_PATHS = "$(inherited) @executable_path/Frameworks";
				PRODUCT_BUNDLE_IDENTIFIER = "alisha-mischa.MirazoMVP";
				PRODUCT_NAME = "$(TARGET_NAME)";
				SWIFT_VERSION = 4.0;
				TARGETED_DEVICE_FAMILY = "1,2";
			};
			name = Release;
		};
/* End XCBuildConfiguration section */

/* Begin XCConfigurationList section */
		531B65461FF6B92D00DB9334 /* Build configuration list for PBXProject "MirazoMVP" */ = {
			isa = XCConfigurationList;
			buildConfigurations = (
				531B655E1FF6B92D00DB9334 /* Debug */,
				531B655F1FF6B92D00DB9334 /* Release */,
			);
			defaultConfigurationIsVisible = 0;
			defaultConfigurationName = Release;
		};
		531B65601FF6B92D00DB9334 /* Build configuration list for PBXNativeTarget "MirazoMVP" */ = {
			isa = XCConfigurationList;
			buildConfigurations = (
				531B65611FF6B92D00DB9334 /* Debug */,
				531B65621FF6B92D00DB9334 /* Release */,
			);
			defaultConfigurationIsVisible = 0;
			defaultConfigurationName = Release;
		};
/* End XCConfigurationList section */

/* Begin XCVersionGroup section */
		531B65551FF6B92D00DB9334 /* MirazoMVP.xcdatamodeld */ = {
			isa = XCVersionGroup;
			children = (
				531B65561FF6B92D00DB9334 /* MirazoMVP.xcdatamodel */,
			);
			currentVersion = 531B65561FF6B92D00DB9334 /* MirazoMVP.xcdatamodel */;
			path = MirazoMVP.xcdatamodeld;
			sourceTree = "<group>";
			versionGroupType = wrapper.xcdatamodel;
		};
/* End XCVersionGroup section */
	};
	rootObject = 531B65431FF6B92D00DB9334 /* Project object */;
}
